
Microsoft Visual Studio Solution File, Format Version 12.00
# Visual Studio Version 17
VisualStudioVersion = 17.3.32929.385
MinimumVisualStudioVersion = 10.0.40219.1
Project("{FAE04EC0-301F-11D3-BF4B-00C04F79EFBC}") = "EfCoreApp", "EfCoreApp\EfCoreApp.csproj", "{75D36390-0680-4B27-B0C7-06824B2FEF96}"
EndProject
Global
	GlobalSection(SolutionConfigurationPlatforms) = preSolution
		Debug|Any CPU = Debug|Any CPU
		Release|Any CPU = Release|Any CPU
	EndGlobalSection
	GlobalSection(ProjectConfigurationPlatforms) = postSolution
		{75D36390-0680-4B27-B0C7-06824B2FEF96}.Debug|Any CPU.ActiveCfg = Debug|Any CPU
		{75D36390-0680-4B27-B0C7-06824B2FEF96}.Debug|Any CPU.Build.0 = Debug|Any CPU
		{75D36390-0680-4B27-B0C7-06824B2FEF96}.Release|Any CPU.ActiveCfg = Release|Any CPU
		{75D36390-0680-4B27-B0C7-06824B2FEF96}.Release|Any CPU.Build.0 = Release|Any CPU
	EndGlobalSection
	GlobalSection(SolutionProperties) = preSolution
		HideSolutionNode = FALSE
	EndGlobalSection
	GlobalSection(ExtensibilityGlobals) = postSolution
		SolutionGuid = {AA3EE623-6E47-4E3D-886D-629A9BACFD52}
	EndGlobalSection
EndGlobal
